// !$*UTF8*$!
{
	archiveVersion = 1;
	classes = {
	};
	objectVersion = 46;
	objects = {

/* Begin PBXBuildFile section */
		22BDD3521FCCCA22003547D2 /* sortphotos.py in Resources */ = {isa = PBXBuildFile; fileRef = 22BDD34E1FCCCA20003547D2 /* sortphotos.py */; };
		22BDD3531FCCCA22003547D2 /* Image-ExifTool in Resources */ = {isa = PBXBuildFile; fileRef = 22BDD34F1FCCCA22003547D2 /* Image-ExifTool */; };
		22BDD3541FCCCA22003547D2 /* com.andrewning.sortphotos.plist in Resources */ = {isa = PBXBuildFile; fileRef = 22BDD3501FCCCA22003547D2 /* com.andrewning.sortphotos.plist */; };
		22BDD3551FCCCA22003547D2 /* __init__.py in Resources */ = {isa = PBXBuildFile; fileRef = 22BDD3511FCCCA22003547D2 /* __init__.py */; };
		22BE1FCA1F325F2400FC8A72 /* AppDelegate.swift in Sources */ = {isa = PBXBuildFile; fileRef = 22BE1FC91F325F2400FC8A72 /* AppDelegate.swift */; };
		22BE1FCC1F325F2400FC8A72 /* ViewController.swift in Sources */ = {isa = PBXBuildFile; fileRef = 22BE1FCB1F325F2400FC8A72 /* ViewController.swift */; };
		22BE1FCE1F325F2400FC8A72 /* Assets.xcassets in Resources */ = {isa = PBXBuildFile; fileRef = 22BE1FCD1F325F2400FC8A72 /* Assets.xcassets */; };
		22BE1FD11F325F2400FC8A72 /* Main.storyboard in Resources */ = {isa = PBXBuildFile; fileRef = 22BE1FCF1F325F2400FC8A72 /* Main.storyboard */; };
/* End PBXBuildFile section */

/* Begin PBXFileReference section */
		22BDD34E1FCCCA20003547D2 /* sortphotos.py */ = {isa = PBXFileReference; fileEncoding = 4; lastKnownFileType = text.script.python; path = sortphotos.py; sourceTree = "<group>"; };
		22BDD34F1FCCCA22003547D2 /* Image-ExifTool */ = {isa = PBXFileReference; lastKnownFileType = folder; path = "Image-ExifTool"; sourceTree = "<group>"; };
		22BDD3501FCCCA22003547D2 /* com.andrewning.sortphotos.plist */ = {isa = PBXFileReference; fileEncoding = 4; lastKnownFileType = text.plist.xml; path = com.andrewning.sortphotos.plist; sourceTree = "<group>"; };
		22BDD3511FCCCA22003547D2 /* __init__.py */ = {isa = PBXFileReference; fileEncoding = 4; lastKnownFileType = text.script.python; path = __init__.py; sourceTree = "<group>"; };
		22BE1FC61F325F2400FC8A72 /* PhotoFileMover.app */ = {isa = PBXFileReference; explicitFileType = wrapper.application; includeInIndex = 0; path = PhotoFileMover.app; sourceTree = BUILT_PRODUCTS_DIR; };
		22BE1FC91F325F2400FC8A72 /* AppDelegate.swift */ = {isa = PBXFileReference; lastKnownFileType = sourcecode.swift; path = AppDelegate.swift; sourceTree = "<group>"; };
		22BE1FCB1F325F2400FC8A72 /* ViewController.swift */ = {isa = PBXFileReference; lastKnownFileType = sourcecode.swift; path = ViewController.swift; sourceTree = "<group>"; };
		22BE1FCD1F325F2400FC8A72 /* Assets.xcassets */ = {isa = PBXFileReference; lastKnownFileType = folder.assetcatalog; path = Assets.xcassets; sourceTree = "<group>"; };
		22BE1FD01F325F2400FC8A72 /* Base */ = {isa = PBXFileReference; lastKnownFileType = file.storyboard; name = Base; path = Base.lproj/Main.storyboard; sourceTree = "<group>"; };
		22BE1FD21F325F2400FC8A72 /* Info.plist */ = {isa = PBXFileReference; lastKnownFileType = text.plist.xml; path = Info.plist; sourceTree = "<group>"; };
/* End PBXFileReference section */

/* Begin PBXFrameworksBuildPhase section */
		22BE1FC31F325F2400FC8A72 /* Frameworks */ = {
			isa = PBXFrameworksBuildPhase;
			buildActionMask = 2147483647;
			files = (
			);
			runOnlyForDeploymentPostprocessing = 0;
		};
/* End PBXFrameworksBuildPhase section */

/* Begin PBXGroup section */
		22BDD34D1FCCCA02003547D2 /* sortphotos */ = {
			isa = PBXGroup;
			children = (
				22BDD3511FCCCA22003547D2 /* __init__.py */,
				22BDD3501FCCCA22003547D2 /* com.andrewning.sortphotos.plist */,
				22BDD34F1FCCCA22003547D2 /* Image-ExifTool */,
				22BDD34E1FCCCA20003547D2 /* sortphotos.py */,
			);
			path = sortphotos;
			sourceTree = "<group>";
		};
		22BE1FBD1F325F2300FC8A72 = {
			isa = PBXGroup;
			children = (
				22BE1FC81F325F2400FC8A72 /* PFM */,
				22BE1FC71F325F2400FC8A72 /* Products */,
			);
			sourceTree = "<group>";
		};
		22BE1FC71F325F2400FC8A72 /* Products */ = {
			isa = PBXGroup;
			children = (
				22BE1FC61F325F2400FC8A72 /* PhotoFileMover.app */,
			);
			name = Products;
			sourceTree = "<group>";
		};
		22BE1FC81F325F2400FC8A72 /* PFM */ = {
			isa = PBXGroup;
			children = (
				22BDD34D1FCCCA02003547D2 /* sortphotos */,
				22BE1FC91F325F2400FC8A72 /* AppDelegate.swift */,
				22BE1FCB1F325F2400FC8A72 /* ViewController.swift */,
				22BE1FCD1F325F2400FC8A72 /* Assets.xcassets */,
				22BE1FCF1F325F2400FC8A72 /* Main.storyboard */,
				22BE1FD21F325F2400FC8A72 /* Info.plist */,
			);
			name = PFM;
			path = py_gui;
			sourceTree = "<group>";
		};
/* End PBXGroup section */

/* Begin PBXNativeTarget section */
		22BE1FC51F325F2400FC8A72 /* PhotoFileMover */ = {
			isa = PBXNativeTarget;
			buildConfigurationList = 22BE1FEB1F325F2400FC8A72 /* Build configuration list for PBXNativeTarget "PhotoFileMover" */;
			buildPhases = (
				22BE1FC21F325F2400FC8A72 /* Sources */,
				22BE1FC31F325F2400FC8A72 /* Frameworks */,
				22BE1FC41F325F2400FC8A72 /* Resources */,
			);
			buildRules = (
			);
			dependencies = (
			);
			name = PhotoFileMover;
			productName = py_gui;
			productReference = 22BE1FC61F325F2400FC8A72 /* PhotoFileMover.app */;
			productType = "com.apple.product-type.application";
		};
/* End PBXNativeTarget section */

/* Begin PBXProject section */
		22BE1FBE1F325F2300FC8A72 /* Project object */ = {
			isa = PBXProject;
			attributes = {
				LastSwiftUpdateCheck = 0830;
				LastUpgradeCheck = 0900;
				ORGANIZATIONNAME = sam;
				TargetAttributes = {
					22BE1FC51F325F2400FC8A72 = {
						CreatedOnToolsVersion = 8.3.3;
						LastSwiftMigration = 0900;
						ProvisioningStyle = Automatic;
					};
				};
			};
			buildConfigurationList = 22BE1FC11F325F2300FC8A72 /* Build configuration list for PBXProject "PhotoFileMover" */;
			compatibilityVersion = "Xcode 3.2";
			developmentRegion = English;
			hasScannedForEncodings = 0;
			knownRegions = (
				en,
				Base,
			);
			mainGroup = 22BE1FBD1F325F2300FC8A72;
			productRefGroup = 22BE1FC71F325F2400FC8A72 /* Products */;
			projectDirPath = "";
			projectRoot = "";
			targets = (
				22BE1FC51F325F2400FC8A72 /* PhotoFileMover */,
			);
		};
/* End PBXProject section */

/* Begin PBXResourcesBuildPhase section */
		22BE1FC41F325F2400FC8A72 /* Resources */ = {
			isa = PBXResourcesBuildPhase;
			buildActionMask = 2147483647;
			files = (
				22BDD3531FCCCA22003547D2 /* Image-ExifTool in Resources */,
				22BE1FCE1F325F2400FC8A72 /* Assets.xcassets in Resources */,
				22BDD3521FCCCA22003547D2 /* sortphotos.py in Resources */,
				22BDD3541FCCCA22003547D2 /* com.andrewning.sortphotos.plist in Resources */,
				22BDD3551FCCCA22003547D2 /* __init__.py in Resources */,
				22BE1FD11F325F2400FC8A72 /* Main.storyboard in Resources */,
			);
			runOnlyForDeploymentPostprocessing = 0;
		};
/* End PBXResourcesBuildPhase section */

/* Begin PBXSourcesBuildPhase section */
		22BE1FC21F325F2400FC8A72 /* Sources */ = {
			isa = PBXSourcesBuildPhase;
			buildActionMask = 2147483647;
			files = (
				22BE1FCC1F325F2400FC8A72 /* ViewController.swift in Sources */,
				22BE1FCA1F325F2400FC8A72 /* AppDelegate.swift in Sources */,
			);
			runOnlyForDeploymentPostprocessing = 0;
		};
/* End PBXSourcesBuildPhase section */

/* Begin PBXVariantGroup section */
		22BE1FCF1F325F2400FC8A72 /* Main.storyboard */ = {
			isa = PBXVariantGroup;
			children = (
				22BE1FD01F325F2400FC8A72 /* Base */,
			);
			name = Main.storyboard;
			sourceTree = "<group>";
		};
/* End PBXVariantGroup section */

/* Begin XCBuildConfiguration section */
		22BE1FE91F325F2400FC8A72 /* Debug */ = {
			isa = XCBuildConfiguration;
			buildSettings = {
				ALWAYS_SEARCH_USER_PATHS = NO;
				CLANG_ANALYZER_NONNULL = YES;
				CLANG_ANALYZER_NUMBER_OBJECT_CONVERSION = YES_AGGRESSIVE;
				CLANG_CXX_LANGUAGE_STANDARD = "gnu++0x";
				CLANG_CXX_LIBRARY = "libc++";
				CLANG_ENABLE_MODULES = YES;
				CLANG_ENABLE_OBJC_ARC = YES;
				CLANG_WARN_BLOCK_CAPTURE_AUTORELEASING = YES;
				CLANG_WARN_BOOL_CONVERSION = YES;
				CLANG_WARN_COMMA = YES;
				CLANG_WARN_CONSTANT_CONVERSION = YES;
				CLANG_WARN_DIRECT_OBJC_ISA_USAGE = YES_ERROR;
				CLANG_WARN_DOCUMENTATION_COMMENTS = YES;
				CLANG_WARN_EMPTY_BODY = YES;
				CLANG_WARN_ENUM_CONVERSION = YES;
				CLANG_WARN_INFINITE_RECURSION = YES;
				CLANG_WARN_INT_CONVERSION = YES;
				CLANG_WARN_NON_LITERAL_NULL_CONVERSION = YES;
				CLANG_WARN_OBJC_LITERAL_CONVERSION = YES;
				CLANG_WARN_OBJC_ROOT_CLASS = YES_ERROR;
				CLANG_WARN_RANGE_LOOP_ANALYSIS = YES;
				CLANG_WARN_STRICT_PROTOTYPES = YES;
				CLANG_WARN_SUSPICIOUS_MOVE = YES;
				CLANG_WARN_UNREACHABLE_CODE = YES;
				CLANG_WARN__DUPLICATE_METHOD_MATCH = YES;
				CODE_SIGN_IDENTITY = "-";
				COPY_PHASE_STRIP = NO;
				DEBUG_INFORMATION_FORMAT = dwarf;
				ENABLE_STRICT_OBJC_MSGSEND = YES;
				ENABLE_TESTABILITY = YES;
				GCC_C_LANGUAGE_STANDARD = gnu99;
				GCC_DYNAMIC_NO_PIC = NO;
				GCC_NO_COMMON_BLOCKS = YES;
				GCC_OPTIMIZATION_LEVEL = 0;
				GCC_PREPROCESSOR_DEFINITIONS = (
					"DEBUG=1",
					"$(inherited)",
				);
				GCC_WARN_64_TO_32_BIT_CONVERSION = YES;
				GCC_WARN_ABOUT_RETURN_TYPE = YES_ERROR;
				GCC_WARN_UNDECLARED_SELECTOR = YES;
				GCC_WARN_UNINITIALIZED_AUTOS = YES_AGGRESSIVE;
				GCC_WARN_UNUSED_FUNCTION = YES;
				GCC_WARN_UNUSED_VARIABLE = YES;
				MACOSX_DEPLOYMENT_TARGET = 10.12;
				MTL_ENABLE_DEBUG_INFO = YES;
				ONLY_ACTIVE_ARCH = YES;
				SDKROOT = macosx;
				SWIFT_ACTIVE_COMPILATION_CONDITIONS = DEBUG;
				SWIFT_OPTIMIZATION_LEVEL = "-Onone";
			};
			name = Debug;
		};
		22BE1FEA1F325F2400FC8A72 /* Release */ = {
			isa = XCBuildConfiguration;
			buildSettings = {
				ALWAYS_SEARCH_USER_PATHS = NO;
				CLANG_ANALYZER_NONNULL = YES;
				CLANG_ANALYZER_NUMBER_OBJECT_CONVERSION = YES_AGGRESSIVE;
				CLANG_CXX_LANGUAGE_STANDARD = "gnu++0x";
				CLANG_CXX_LIBRARY = "libc++";
				CLANG_ENABLE_MODULES = YES;
				CLANG_ENABLE_OBJC_ARC = YES;
				CLANG_WARN_BLOCK_CAPTURE_AUTORELEASING = YES;
				CLANG_WARN_BOOL_CONVERSION = YES;
				CLANG_WARN_COMMA = YES;
				CLANG_WARN_CONSTANT_CONVERSION = YES;
				CLANG_WARN_DIRECT_OBJC_ISA_USAGE = YES_ERROR;
				CLANG_WARN_DOCUMENTATION_COMMENTS = YES;
				CLANG_WARN_EMPTY_BODY = YES;
				CLANG_WARN_ENUM_CONVERSION = YES;
				CLANG_WARN_INFINITE_RECURSION = YES;
				CLANG_WARN_INT_CONVERSION = YES;
				CLANG_WARN_NON_LITERAL_NULL_CONVERSION = YES;
				CLANG_WARN_OBJC_LITERAL_CONVERSION = YES;
				CLANG_WARN_OBJC_ROOT_CLASS = YES_ERROR;
				CLANG_WARN_RANGE_LOOP_ANALYSIS = YES;
				CLANG_WARN_STRICT_PROTOTYPES = YES;
				CLANG_WARN_SUSPICIOUS_MOVE = YES;
				CLANG_WARN_UNREACHABLE_CODE = YES;
				CLANG_WARN__DUPLICATE_METHOD_MATCH = YES;
				CODE_SIGN_IDENTITY = "-";
				COPY_PHASE_STRIP = NO;
				DEBUG_INFORMATION_FORMAT = "dwarf-with-dsym";
				ENABLE_NS_ASSERTIONS = NO;
				ENABLE_STRICT_OBJC_MSGSEND = YES;
				GCC_C_LANGUAGE_STANDARD = gnu99;
				GCC_NO_COMMON_BLOCKS = YES;
				GCC_WARN_64_TO_32_BIT_CONVERSION = YES;
				GCC_WARN_ABOUT_RETURN_TYPE = YES_ERROR;
				GCC_WARN_UNDECLARED_SELECTOR = YES;
				GCC_WARN_UNINITIALIZED_AUTOS = YES_AGGRESSIVE;
				GCC_WARN_UNUSED_FUNCTION = YES;
				GCC_WARN_UNUSED_VARIABLE = YES;
				MACOSX_DEPLOYMENT_TARGET = 10.12;
				MTL_ENABLE_DEBUG_INFO = NO;
				SDKROOT = macosx;
				SWIFT_OPTIMIZATION_LEVEL = "-Owholemodule";
			};
			name = Release;
		};
		22BE1FEC1F325F2400FC8A72 /* Debug */ = {
			isa = XCBuildConfiguration;
			buildSettings = {
				ASSETCATALOG_COMPILER_APPICON_NAME = AppIcon;
				COMBINE_HIDPI_IMAGES = YES;
				INFOPLIST_FILE = py_gui/Info.plist;
				LD_RUNPATH_SEARCH_PATHS = "$(inherited) @executable_path/../Frameworks";
				PRODUCT_BUNDLE_IDENTIFIER = "cabohut.photo-file-mover";
				PRODUCT_NAME = "$(TARGET_NAME)";
				SWIFT_SWIFT3_OBJC_INFERENCE = Default;
				SWIFT_VERSION = 4.0;
			};
			name = Debug;
		};
		22BE1FED1F325F2400FC8A72 /* Release */ = {
			isa = XCBuildConfiguration;
			buildSettings = {
				ASSETCATALOG_COMPILER_APPICON_NAME = AppIcon;
				COMBINE_HIDPI_IMAGES = YES;
				INFOPLIST_FILE = py_gui/Info.plist;
				LD_RUNPATH_SEARCH_PATHS = "$(inherited) @executable_path/../Frameworks";
				PRODUCT_BUNDLE_IDENTIFIER = "cabohut.photo-file-mover";
				PRODUCT_NAME = "$(TARGET_NAME)";
				SWIFT_SWIFT3_OBJC_INFERENCE = Default;
				SWIFT_VERSION = 4.0;
			};
			name = Release;
		};
/* End XCBuildConfiguration section */

/* Begin XCConfigurationList section */
		22BE1FC11F325F2300FC8A72 /* Build configuration list for PBXProject "PhotoFileMover" */ = {
			isa = XCConfigurationList;
			buildConfigurations = (
				22BE1FE91F325F2400FC8A72 /* Debug */,
				22BE1FEA1F325F2400FC8A72 /* Release */,
			);
			defaultConfigurationIsVisible = 0;
			defaultConfigurationName = Release;
		};
		22BE1FEB1F325F2400FC8A72 /* Build configuration list for PBXNativeTarget "PhotoFileMover" */ = {
			isa = XCConfigurationList;
			buildConfigurations = (
				22BE1FEC1F325F2400FC8A72 /* Debug */,
				22BE1FED1F325F2400FC8A72 /* Release */,
			);
			defaultConfigurationIsVisible = 0;
			defaultConfigurationName = Release;
		};
/* End XCConfigurationList section */
	};
	rootObject = 22BE1FBE1F325F2300FC8A72 /* Project object */;
}
